
Microsoft Visual Studio Solution File, Format Version 12.00
# Visual Studio Version 16
VisualStudioVersion = 16.0.29025.244
MinimumVisualStudioVersion = 10.0.40219.1
Project("{2150E333-8FDC-42A3-9474-1A3956D46DE8}") = "Solution Items", "Solution Items", "{9D4C7DFA-119B-4400-AC43-4DFECADA9229}"
	ProjectSection(SolutionItems) = preProject
		test.script = test.script
	EndProjectSection
EndProject
Project("{FAE04EC0-301F-11D3-BF4B-00C04F79EFBC}") = "CalculatedField", "CalculatedField\CalculatedField.csproj", "{24ECDCA0-809A-479F-9A39-337DE7B25ECF}"
EndProject
Project("{FAE04EC0-301F-11D3-BF4B-00C04F79EFBC}") = "UnitTests", "UnitTests\UnitTests.csproj", "{917044B9-8FE4-4866-A1BB-614E675AE82A}"
EndProject
Project("{FAE04EC0-301F-11D3-BF4B-00C04F79EFBC}") = "CalculatedFieldRunner", "CalculatedFieldRunner\CalculatedFieldRunner.csproj", "{34D79118-77A6-4CB3-B765-A3F1763CF786}"
EndProject
Global
	GlobalSection(SolutionConfigurationPlatforms) = preSolution
		Debug|Any CPU = Debug|Any CPU
		Release|Any CPU = Release|Any CPU
	EndGlobalSection
	GlobalSection(ProjectConfigurationPlatforms) = postSolution
		{24ECDCA0-809A-479F-9A39-337DE7B25ECF}.Debug|Any CPU.ActiveCfg = Debug|Any CPU
		{24ECDCA0-809A-479F-9A39-337DE7B25ECF}.Debug|Any CPU.Build.0 = Debug|Any CPU
		{24ECDCA0-809A-479F-9A39-337DE7B25ECF}.Release|Any CPU.ActiveCfg = Release|Any CPU
		{24ECDCA0-809A-479F-9A39-337DE7B25ECF}.Release|Any CPU.Build.0 = Release|Any CPU
		{917044B9-8FE4-4866-A1BB-614E675AE82A}.Debug|Any CPU.ActiveCfg = Debug|Any CPU
		{917044B9-8FE4-4866-A1BB-614E675AE82A}.Debug|Any CPU.Build.0 = Debug|Any CPU
		{917044B9-8FE4-4866-A1BB-614E675AE82A}.Release|Any CPU.ActiveCfg = Release|Any CPU
		{917044B9-8FE4-4866-A1BB-614E675AE82A}.Release|Any CPU.Build.0 = Release|Any CPU
		{34D79118-77A6-4CB3-B765-A3F1763CF786}.Debug|Any CPU.ActiveCfg = Debug|Any CPU
		{34D79118-77A6-4CB3-B765-A3F1763CF786}.Debug|Any CPU.Build.0 = Debug|Any CPU
		{34D79118-77A6-4CB3-B765-A3F1763CF786}.Release|Any CPU.ActiveCfg = Release|Any CPU
		{34D79118-77A6-4CB3-B765-A3F1763CF786}.Release|Any CPU.Build.0 = Release|Any CPU
	EndGlobalSection
	GlobalSection(SolutionProperties) = preSolution
		HideSolutionNode = FALSE
	EndGlobalSection
	GlobalSection(ExtensibilityGlobals) = postSolution
		SolutionGuid = {BCFF58F5-2959-4465-BE3E-B6EBB7D0649C}
	EndGlobalSection
	GlobalSection(Performance) = preSolution
		HasPerformanceSessions = true
	EndGlobalSection
EndGlobal
